github.com/gin-gonic/gin v1.9.1/go.mod h1:hPrL7YrpYKXt5YId3A/Tnip5kqbEAP+KLuI3SUcPTeU=
github.com/moutend/go-hook v0.1.0 h1:8jGA7zxtcNmiFrHf+KAGpSBbU99fyY9DS1s38MOBJQU=
github.com/moutend/go-hook v0.1.0/go.mod h1:rGHmQESfHpsztJ6jbDoaiCgesGdZttObFlY/ksHIlY4=
github.com/robotn/gohook v0.42.2 h1:AI9OVh5o59c76jp9Xcc4NpIvze2YeKX1Rn8JvflAUXY=
github.com/robotn/gohook v0.42.2/go.mod h1:PYgH0f1EaxhCvNSqIVTfo+SIUh1MrM2Uhe2w7SvFJDE=
github.com/vcaesar/keycode v0.10.1 h1:0DesGmMAPWpYTCYddOFiCMKCDKgNnwiQa2QXindVUHw=
github.com/vcaesar/keycode v0.10.1/go.mod h1:JNlY7xbKsh+LAGfY2j4M3znVrGEm5W1R8s/Uv6BJcfQ=
